
Microsoft Visual Studio Solution File, Format Version 12.00
# Visual Studio Version 17
VisualStudioVersion = 17.3.32901.215
MinimumVisualStudioVersion = 10.0.40219.1
Project("{FAE04EC0-301F-11D3-BF4B-00C04F79EFBC}") = "GeoLocator", "GeoLocator.csproj", "{FA6CA4F8-4BBE-4FBC-A62F-B8E77E4DDC66}"
EndProject
Project("{FAE04EC0-301F-11D3-BF4B-00C04F79EFBC}") = "Data", "Data\Data.csproj", "{C0D585A9-4D10-4C4A-96DC-9561DE70EF66}"
EndProject
Global
	GlobalSection(SolutionConfigurationPlatforms) = preSolution
		Debug|Any CPU = Debug|Any CPU
		Release|Any CPU = Release|Any CPU
	EndGlobalSection
	GlobalSection(ProjectConfigurationPlatforms) = postSolution
		{FA6CA4F8-4BBE-4FBC-A62F-B8E77E4DDC66}.Debug|Any CPU.ActiveCfg = Debug|Any CPU
		{FA6CA4F8-4BBE-4FBC-A62F-B8E77E4DDC66}.Debug|Any CPU.Build.0 = Debug|Any CPU
		{FA6CA4F8-4BBE-4FBC-A62F-B8E77E4DDC66}.Release|Any CPU.ActiveCfg = Release|Any CPU
		{FA6CA4F8-4BBE-4FBC-A62F-B8E77E4DDC66}.Release|Any CPU.Build.0 = Release|Any CPU
		{C0D585A9-4D10-4C4A-96DC-9561DE70EF66}.Debug|Any CPU.ActiveCfg = Debug|Any CPU
		{C0D585A9-4D10-4C4A-96DC-9561DE70EF66}.Debug|Any CPU.Build.0 = Debug|Any CPU
		{C0D585A9-4D10-4C4A-96DC-9561DE70EF66}.Release|Any CPU.ActiveCfg = Release|Any CPU
		{C0D585A9-4D10-4C4A-96DC-9561DE70EF66}.Release|Any CPU.Build.0 = Release|Any CPU
	EndGlobalSection
	GlobalSection(SolutionProperties) = preSolution
		HideSolutionNode = FALSE
	EndGlobalSection
	GlobalSection(ExtensibilityGlobals) = postSolution
		SolutionGuid = {C57D5405-46CD-4D20-9606-B05983AE8182}
	EndGlobalSection
EndGlobal
